
Microsoft Visual Studio Solution File, Format Version 12.00
# Visual Studio Version 17
VisualStudioVersion = 17.0.31903.59
MinimumVisualStudioVersion = 10.0.40219.1
Project("{FAE04EC0-301F-11D3-BF4B-00C04F79EFBC}") = "ShapesLibrary", "ShapesLibrary\ShapesLibrary.csproj", "{75E364E4-E2CD-4073-8D4F-3AB61BB39083}"
EndProject
Project("{FAE04EC0-301F-11D3-BF4B-00C04F79EFBC}") = "ShapesApp", "ShapesApp\ShapesApp.csproj", "{2A457CF3-8FFD-496D-A3ED-586015C428C6}"
EndProject
Global
	GlobalSection(SolutionConfigurationPlatforms) = preSolution
		Debug|Any CPU = Debug|Any CPU
		Release|Any CPU = Release|Any CPU
	EndGlobalSection
	GlobalSection(SolutionProperties) = preSolution
		HideSolutionNode = FALSE
	EndGlobalSection
	GlobalSection(ProjectConfigurationPlatforms) = postSolution
		{75E364E4-E2CD-4073-8D4F-3AB61BB39083}.Debug|Any CPU.ActiveCfg = Debug|Any CPU
		{75E364E4-E2CD-4073-8D4F-3AB61BB39083}.Debug|Any CPU.Build.0 = Debug|Any CPU
		{75E364E4-E2CD-4073-8D4F-3AB61BB39083}.Release|Any CPU.ActiveCfg = Release|Any CPU
		{75E364E4-E2CD-4073-8D4F-3AB61BB39083}.Release|Any CPU.Build.0 = Release|Any CPU
		{2A457CF3-8FFD-496D-A3ED-586015C428C6}.Debug|Any CPU.ActiveCfg = Debug|Any CPU
		{2A457CF3-8FFD-496D-A3ED-586015C428C6}.Debug|Any CPU.Build.0 = Debug|Any CPU
		{2A457CF3-8FFD-496D-A3ED-586015C428C6}.Release|Any CPU.ActiveCfg = Release|Any CPU
		{2A457CF3-8FFD-496D-A3ED-586015C428C6}.Release|Any CPU.Build.0 = Release|Any CPU
	EndGlobalSection
EndGlobal
